{
    "name": "teknoify-site",
    "version": "1.0.0",
    "lockfileVersion": 3,
    "requires": true,
    "packages": {
        "": {
            "name": "teknoify-site",
            "version": "1.0.0",
            "devDependencies": {
                "stylelint": "file:tools/stylelint",
                "stylelint-config-standard": "file:tools/stylelint-config-standard"
            }
        },
        "node_modules/stylelint": {
            "resolved": "tools/stylelint",
            "link": true
        },
        "node_modules/stylelint-config-standard": {
            "resolved": "tools/stylelint-config-standard",
            "link": true
        },
        "tools/stylelint": {
            "version": "16.12.0-local",
            "dev": true,
            "bin": {
                "stylelint": "bin/stylelint.js"
            }
        },
        "tools/stylelint-config-standard": {
            "version": "36.0.1-local",
            "dev": true
        }
    }
}
