{
  "name": "teknoify-market-data-proxy",
  "version": "1.0.0",
  "lockfileVersion": 3,
  "requires": true,
  "packages": {
    "": {
      "name": "teknoify-market-data-proxy",
      "version": "1.0.0",
      "dependencies": {
        "express": "^4.19.2",
        "firebase-admin": "^12.5.0",
        "googleapis": "^140.0.1"
      },
      "engines": {
        "node": "20.x"
      }
    }
  }
}
